{
  "name": "react-apollo-instagram-example",
  "version": "0.0.1",
  "lockfileVersion": 1,
  "requires": true,
  "dependencies": {
    "@types/async": {
      "version": "2.0.47",
      "resolved": "https://registry.npmjs.org/@types/async/-/async-2.0.47.tgz",
      "integrity": "sha512-/mQMARXVSuGbwOFFBKA4s0qRKtOaaTgnllp3qU4sMzDVGGAroPblyd529yBALnK/WEY8nHyRGx0/RFUDmhpVmQ==",
      "optional": true
    },
    "@types/node": {
      "version": "9.4.6",
      "resolved": "https://registry.npmjs.org/@types/node/-/node-9.4.6.tgz",
      "integrity": "sha512-CTUtLb6WqCCgp6P59QintjHWqzf4VL1uPA27bipLAPxFqrtK1gEYllePzTICGqQ8rYsCbpnsNypXjjDzGAAjEQ=="
    },
    "@types/zen-observable": {
      "version": "0.5.3",
      "resolved": "https://registry.npmjs.org/@types/zen-observable/-/zen-observable-0.5.3.tgz",
      "integrity": "sha512-aDvGDAHcVfUqNmd8q4//cHAP+HGxsbChbBbuk3+kMVk5TTxfWLpQWvVN3+UPjohLnwMYN7jr6BWNn2cYNqdm7g=="
    },
    "apollo-cache": {
      "version": "1.1.4",
      "resolved": "https://registry.npmjs.org/apollo-cache/-/apollo-cache-1.1.4.tgz",
      "integrity": "sha512-ldmThmabOtC1boSO05OB1gqJbTR+mNHmB8kOe2WrV2Wjrd+ByO1rfrWOoAntj+XhyEsizYzyw876Sg0fvVkFWA==",
      "requires": {
        "apollo-utilities": "1.0.8"
      }
    },
    "apollo-client-preset": {
      "version": "1.0.8",
      "resolved": "https://registry.npmjs.org/apollo-client-preset/-/apollo-client-preset-1.0.8.tgz",
      "integrity": "sha512-vRrdBfoOBkSboUmkec/zDWK9dT22GoZ2NgTKxfPXaTRh82HGDejDAblMr7BuDtZQ6zxMUiD9kghmO+3HXsHKdQ==",
      "requires": {
        "apollo-cache-inmemory": "1.1.9",
        "apollo-client": "2.2.5",
        "apollo-link": "1.2.1",
        "apollo-link-http": "1.5.2",
        "graphql-tag": "2.8.0"
      },
      "dependencies": {
        "apollo-cache-inmemory": {
          "version": "1.1.9",
          "resolved": "https://registry.npmjs.org/apollo-cache-inmemory/-/apollo-cache-inmemory-1.1.9.tgz",
          "integrity": "sha512-Bo53czxEg4yblqrzH9ej9sHN6bXQktEKVDNwuAyWcAM8FAUH4ewzsZ+0rF8reN6fyCFKq09z6+vFWLIE2+U8ew==",
          "requires": {
            "apollo-cache": "1.1.4",
            "apollo-utilities": "1.0.8",
            "graphql-anywhere": "4.1.5"
          }
        },
        "apollo-client": {
          "version": "2.2.5",
          "resolved": "https://registry.npmjs.org/apollo-client/-/apollo-client-2.2.5.tgz",
          "integrity": "sha512-fzNyOLrECo3WHQdur269Ofm2Y7lvx6bCCQV5B95AY7b2kdrdKmtqEaJ3C02R3D2WhiPIYJ5/0rWZquYlqR7V8Q==",
          "requires": {
            "@types/async": "2.0.47",
            "@types/zen-observable": "0.5.3",
            "apollo-cache": "1.1.4",
            "apollo-link": "1.2.1",
            "apollo-link-dedup": "1.0.8",
            "apollo-utilities": "1.0.8",
            "symbol-observable": "1.2.0",
            "zen-observable": "0.7.1"
          }
        },
        "apollo-link": {
          "version": "1.2.1",
          "resolved": "https://registry.npmjs.org/apollo-link/-/apollo-link-1.2.1.tgz",
          "integrity": "sha512-6Ghf+j3cQLCIvjXd2dJrLw+16HZbWbwmB1qlTc41BviB2hv+rK1nJr17Y9dWK0UD4p3i9Hfddx3tthpMKrueHg==",
          "requires": {
            "@types/node": "9.4.6",
            "apollo-utilities": "1.0.8",
            "zen-observable-ts": "0.8.8"
          }
        },
        "apollo-link-http": {
          "version": "1.5.2",
          "resolved": "https://registry.npmjs.org/apollo-link-http/-/apollo-link-http-1.5.2.tgz",
          "integrity": "sha512-TVOslggUbEdxuKYScqZ6PcMm85CkO93PDQpcdq1HASnHHEnK6TkR37hfGhZ8tGHMfxsmTYwH/A76a9AVPN3B4w==",
          "requires": {
            "apollo-link": "1.2.1",
            "apollo-link-http-common": "0.2.2"
          }
        }
      }
    },
    "apollo-link-dedup": {
      "version": "1.0.8",
      "resolved": "https://registry.npmjs.org/apollo-link-dedup/-/apollo-link-dedup-1.0.8.tgz",
      "integrity": "sha512-M4p8yzX7sSID+R/qxz3ti+IGeRi6yuyEEG8Apd6wQwsefG83LTzhMJYO7Z08Yg4tOFUfqbp32RW9ZjwmyrcBVg==",
      "requires": {
        "apollo-link": "1.2.1"
      },
      "dependencies": {
        "apollo-link": {
          "version": "1.2.1",
          "resolved": "https://registry.npmjs.org/apollo-link/-/apollo-link-1.2.1.tgz",
          "integrity": "sha512-6Ghf+j3cQLCIvjXd2dJrLw+16HZbWbwmB1qlTc41BviB2hv+rK1nJr17Y9dWK0UD4p3i9Hfddx3tthpMKrueHg==",
          "requires": {
            "@types/node": "9.4.6",
            "apollo-utilities": "1.0.8",
            "zen-observable-ts": "0.8.8"
          }
        }
      }
    },
    "apollo-link-http-common": {
      "version": "0.2.2",
      "resolved": "https://registry.npmjs.org/apollo-link-http-common/-/apollo-link-http-common-0.2.2.tgz",
      "integrity": "sha512-97r/cNC3YAj5/vr0vYHScyoSWWpJnHeb/gdN0PaLc+81CGomByR17GhjOYAUg4W1urEE6f0GWbRvpwma6OYqlA==",
      "requires": {
        "apollo-link": "1.2.1"
      },
      "dependencies": {
        "apollo-link": {
          "version": "1.2.1",
          "resolved": "https://registry.npmjs.org/apollo-link/-/apollo-link-1.2.1.tgz",
          "integrity": "sha512-6Ghf+j3cQLCIvjXd2dJrLw+16HZbWbwmB1qlTc41BviB2hv+rK1nJr17Y9dWK0UD4p3i9Hfddx3tthpMKrueHg==",
          "requires": {
            "@types/node": "9.4.6",
            "apollo-utilities": "1.0.8",
            "zen-observable-ts": "0.8.8"
          }
        }
      }
    },
    "apollo-utilities": {
      "version": "1.0.8",
      "resolved": "https://registry.npmjs.org/apollo-utilities/-/apollo-utilities-1.0.8.tgz",
      "integrity": "sha512-EvqRJCw5xy2gWeH37toUimbEkmUxronCosBNE4tOCJvZUMLLGB8CuTQ5RsBhKJm+rZ6kwGxV+2uszk14f/P/rA=="
    },
    "graphql": {
      "version": "0.13.1",
      "resolved": "https://registry.npmjs.org/graphql/-/graphql-0.13.1.tgz",
      "integrity": "sha512-awNp3LTrQ7dJDSX3p3PBuxNDC+WFSOrWeV6+l4Xeh2PQJVOFyQ9SZPonXRz2WZc7aIxLZsf2nDZuuuc0qyEq/A==",
      "requires": {
        "iterall": "1.2.2"
      }
    },
    "graphql-anywhere": {
      "version": "4.1.5",
      "resolved": "https://registry.npmjs.org/graphql-anywhere/-/graphql-anywhere-4.1.5.tgz",
      "integrity": "sha512-M/5tK73y3JDpwOKShrwuQGu4bo2Mm3DqiTfkUcmvxONfyDTwvf8qn/TVe59yC0SbwNbFiVbZigXgijP+3riyBA==",
      "requires": {
        "apollo-utilities": "1.0.8"
      }
    },
    "graphql-tag": {
      "version": "2.8.0",
      "resolved": "https://registry.npmjs.org/graphql-tag/-/graphql-tag-2.8.0.tgz",
      "integrity": "sha1-Us3qB6hCFU7BGi6EDBG5d/m4Nc4="
    },
    "iterall": {
      "version": "1.2.2",
      "resolved": "https://registry.npmjs.org/iterall/-/iterall-1.2.2.tgz",
      "integrity": "sha512-yynBb1g+RFUPY64fTrFv7nsjRrENBQJaX2UL+2Szc9REFrSNm1rpSXHGzhmAy7a9uv3vlvgBlXnf9RqmPH1/DA=="
    },
    "symbol-observable": {
      "version": "1.2.0",
      "resolved": "https://registry.npmjs.org/symbol-observable/-/symbol-observable-1.2.0.tgz",
      "integrity": "sha512-e900nM8RRtGhlV36KGEU9k65K3mPb1WV70OdjfxlG2EAuM1noi/E/BaW/uMhL7bPEssK8QV57vN3esixjUvcXQ=="
    },
    "zen-observable": {
      "version": "0.7.1",
      "resolved": "https://registry.npmjs.org/zen-observable/-/zen-observable-0.7.1.tgz",
      "integrity": "sha512-OI6VMSe0yeqaouIXtedC+F55Sr6r9ppS7+wTbSexkYdHbdt4ctTuPNXP/rwm7GTVI63YBc+EBT0b0tl7YnJLRg=="
    },
    "zen-observable-ts": {
      "version": "0.8.8",
      "resolved": "https://registry.npmjs.org/zen-observable-ts/-/zen-observable-ts-0.8.8.tgz",
      "integrity": "sha512-oGjFvBbAA94uh/HvAwJDwMHtNq4lZRtupJx8XsyreOTYvH8x1ef9hIeH/M+IqiAXtNpglq/Klh5rbpYWEeRSOQ==",
      "requires": {
        "zen-observable": "0.7.1"
      }
    }
  }
}
